schema: '2.0'
stages:
  train:
    cmd: python train.py
    deps:
    - path: data/loan_2019_20.csv
      hash: md5
      md5: a9219494c44675b2ca668cb902debb6e
      size: 509477644
    - path: explore_data.py
      hash: md5
      md5: a8ec0ce98f7a8ba5e14f1ca609e9d6f3
      size: 3490
    - path: features.py
      hash: md5
      md5: 9dffa278447bfcf33b2372a5a87a9e7f
      size: 4549
    - path: train.py
      hash: md5
      md5: 48c27d89f577ae52b5b1098125f1e396
      size: 16883
    outs:
    - path: models/credit_model_v1.pkl
      hash: md5
      md5: dc8dde2003e075ce7876d207691b17a4
      size: 6752447
    - path: reports
      hash: md5
      md5: 44a7f8183ecd12df9830b560e1b9a115.dir
      size: 158346
      nfiles: 5
